{
  "name": "kjv",
  "version": "1.0.0",
  "lockfileVersion": 2,
  "requires": true,
  "packages": {
    "": {
      "name": "kjv",
      "version": "1.0.0",
      "hasInstallScript": true,
      "license": "ISC",
      "dependencies": {
        "bootstrap": "3.3.7",
        "flot": "^4.2.2",
        "jquery": "^1.12.4",
        "jquery-contextmenu": "^2.9.2",
        "jquery-ui-dist": "^1.13.2"
      }
    },
    "node_modules/bootstrap": {
      "version": "3.3.7",
      "resolved": "https://registry.npmjs.org/bootstrap/-/bootstrap-3.3.7.tgz",
      "integrity": "sha512-qcFaisBrcBhTFkz1IUnGDYnX6ZWfFzH8zOixUDtHW9Ip+r+7MfMFav2rzy7cIHc7rgIg7xjhWBoo1mS/U26j4g==",
      "license": "MIT",
      "engines": {
        "node": ">=0.10.1"
      }
    },
    "node_modules/flot": {
      "version": "4.2.2",
      "resolved": "https://registry.npmjs.org/flot/-/flot-4.2.2.tgz",
      "integrity": "sha512-Strct/A27o0TA25X7Z0pxKhwK4djiP1Kjeqj0tkiqrkRu1qYPqfbp5BYuxEL8CWDNtj85Uc0PnG2E2plo1+VMg=="
    },
    "node_modules/jquery": {
      "version": "1.12.4",
      "resolved": "https://registry.npmjs.org/jquery/-/jquery-1.12.4.tgz",
      "integrity": "sha512-UEVp7PPK9xXYSk8xqXCJrkXnKZtlgWkd2GsAQbMRFK6S/ePU2JN5G2Zum8hIVjzR3CpdfSqdqAzId/xd4TJHeg==",
      "license": "MIT"
    },
    "node_modules/jquery-contextmenu": {
      "version": "2.9.2",
      "resolved": "https://registry.npmjs.org/jquery-contextmenu/-/jquery-contextmenu-2.9.2.tgz",
      "integrity": "sha512-6S6sH/08owDStC/7zNwcN366yR0ydX6PmMB0RnjLRQOp7Nc/rqwEHglshfHrrw2kdTev97GXwRXrayDUmToIOw==",
      "dependencies": {
        "jquery": "^3.5.0"
      },
      "peerDependencies": {
        "jquery": ">=1.8.2"
      }
    },
    "node_modules/jquery-contextmenu/node_modules/jquery": {
      "version": "3.7.1",
      "resolved": "https://registry.npmjs.org/jquery/-/jquery-3.7.1.tgz",
      "integrity": "sha512-m4avr8yL8kmFN8psrbFFFmB/If14iN5o9nw/NgnnM+kybDJpRsAynV2BsfpTYrTRysYUdADVD7CkUUizgkpLfg==",
      "license": "MIT"
    },
    "node_modules/jquery-ui-dist": {
      "version": "1.13.2",
      "resolved": "https://registry.npmjs.org/jquery-ui-dist/-/jquery-ui-dist-1.13.2.tgz",
      "integrity": "sha512-oVDRd1NLtTbBwpRKAYdIRgpWVDzeBhfy7Gu0RmY6JEaZtmBq6kDn1pm5SgDiAotrnDS+RoTRXO6xvcNTxA9tOA==",
      "license": "MIT",
      "dependencies": {
        "jquery": ">=1.8.0 <4.0.0"
      }
    }
  },
  "dependencies": {
    "bootstrap": {
      "version": "3.3.7",
      "resolved": "https://registry.npmjs.org/bootstrap/-/bootstrap-3.3.7.tgz",
      "integrity": "sha512-qcFaisBrcBhTFkz1IUnGDYnX6ZWfFzH8zOixUDtHW9Ip+r+7MfMFav2rzy7cIHc7rgIg7xjhWBoo1mS/U26j4g=="
    },
    "flot": {
      "version": "4.2.2",
      "resolved": "https://registry.npmjs.org/flot/-/flot-4.2.2.tgz",
      "integrity": "sha512-Strct/A27o0TA25X7Z0pxKhwK4djiP1Kjeqj0tkiqrkRu1qYPqfbp5BYuxEL8CWDNtj85Uc0PnG2E2plo1+VMg=="
    },
    "jquery": {
      "version": "1.12.4",
      "resolved": "https://registry.npmjs.org/jquery/-/jquery-1.12.4.tgz",
      "integrity": "sha512-UEVp7PPK9xXYSk8xqXCJrkXnKZtlgWkd2GsAQbMRFK6S/ePU2JN5G2Zum8hIVjzR3CpdfSqdqAzId/xd4TJHeg=="
    },
    "jquery-contextmenu": {
      "version": "2.9.2",
      "resolved": "https://registry.npmjs.org/jquery-contextmenu/-/jquery-contextmenu-2.9.2.tgz",
      "integrity": "sha512-6S6sH/08owDStC/7zNwcN366yR0ydX6PmMB0RnjLRQOp7Nc/rqwEHglshfHrrw2kdTev97GXwRXrayDUmToIOw==",
      "requires": {
        "jquery": "^3.5.0"
      },
      "dependencies": {
        "jquery": {
          "version": "3.7.1",
          "resolved": "https://registry.npmjs.org/jquery/-/jquery-3.7.1.tgz",
          "integrity": "sha512-m4avr8yL8kmFN8psrbFFFmB/If14iN5o9nw/NgnnM+kybDJpRsAynV2BsfpTYrTRysYUdADVD7CkUUizgkpLfg=="
        }
      }
    },
    "jquery-ui-dist": {
      "version": "1.13.2",
      "resolved": "https://registry.npmjs.org/jquery-ui-dist/-/jquery-ui-dist-1.13.2.tgz",
      "integrity": "sha512-oVDRd1NLtTbBwpRKAYdIRgpWVDzeBhfy7Gu0RmY6JEaZtmBq6kDn1pm5SgDiAotrnDS+RoTRXO6xvcNTxA9tOA==",
      "requires": {
        "jquery": ">=1.8.0 <4.0.0"
      }
    }
  }
}
