{
  "name": "kjv",
  "version": "1.0.0",
  "lockfileVersion": 2,
  "requires": true,
  "packages": {
    "": {
      "name": "kjv",
      "version": "1.0.0",
      "hasInstallScript": true,
      "license": "ISC",
      "dependencies": {
        "bootstrap": "^5.3.3",
        "flot": "^4.2.6",
        "jquery": "^3.7.1",
        "jquery-contextmenu": "^2.9.2",
        "jquery-ui-dist": "^1.13.1"
      }
    },
    "node_modules/@popperjs/core": {
      "version": "2.11.8",
      "resolved": "https://registry.npmjs.org/@popperjs/core/-/core-2.11.8.tgz",
      "integrity": "sha512-P1st0aksCrn9sGZhp8GMYwBnQsbvAWsZAX44oXNNvLHGqAOcoVxmjZiohstwQ7SqKnbR47akdNi+uleWD8+g6A==",
      "license": "MIT",
      "peer": true,
      "funding": {
        "type": "opencollective",
        "url": "https://opencollective.com/popperjs"
      }
    },
    "node_modules/bootstrap": {
      "version": "5.3.3",
      "resolved": "https://registry.npmjs.org/bootstrap/-/bootstrap-5.3.3.tgz",
      "integrity": "sha512-8HLCdWgyoMguSO9o+aH+iuZ+aht+mzW0u3HIMzVu7Srrpv7EBBxTnrFlSCskwdY1+EOFQSm7uMJhNQHkdPcmjg==",
      "funding": [
        {
          "type": "github",
          "url": "https://github.com/sponsors/twbs"
        },
        {
          "type": "opencollective",
          "url": "https://opencollective.com/bootstrap"
        }
      ],
      "license": "MIT",
      "peerDependencies": {
        "@popperjs/core": "^2.11.8"
      }
    },
    "node_modules/flot": {
      "version": "4.2.6",
      "resolved": "https://registry.npmjs.org/flot/-/flot-4.2.6.tgz",
      "integrity": "sha512-Iz4HCet1ZBQnjGwECz4jseD1zMnh7m2XJIMI6A62l8h2SeceLYOEmYGNQto1XhkSM9fUmqzyKhWwJ+RolWLydg==",
      "license": "MIT"
    },
    "node_modules/jquery": {
      "version": "3.7.1",
      "resolved": "https://registry.npmjs.org/jquery/-/jquery-3.7.1.tgz",
      "integrity": "sha512-m4avr8yL8kmFN8psrbFFFmB/If14iN5o9nw/NgnnM+kybDJpRsAynV2BsfpTYrTRysYUdADVD7CkUUizgkpLfg==",
      "license": "MIT"
    },
    "node_modules/jquery-contextmenu": {
      "version": "2.9.2",
      "resolved": "https://registry.npmjs.org/jquery-contextmenu/-/jquery-contextmenu-2.9.2.tgz",
      "integrity": "sha512-6S6sH/08owDStC/7zNwcN366yR0ydX6PmMB0RnjLRQOp7Nc/rqwEHglshfHrrw2kdTev97GXwRXrayDUmToIOw==",
      "dependencies": {
        "jquery": "^3.5.0"
      },
      "peerDependencies": {
        "jquery": ">=1.8.2"
      }
    },
    "node_modules/jquery-ui-dist": {
      "version": "1.13.1",
      "resolved": "https://registry.npmjs.org/jquery-ui-dist/-/jquery-ui-dist-1.13.1.tgz",
      "integrity": "sha512-Y711Pu4BRVrAlL58KSxX4ail74jaCJZaZcdNDLava+MgZeNwmVWmyYiK7KxyoJu1MB73eSunjJvYDbOuNrOA7w==",
      "dependencies": {
        "jquery": ">=1.8.0 <4.0.0"
      }
    }
  },
  "dependencies": {
    "@popperjs/core": {
      "version": "2.11.8",
      "resolved": "https://registry.npmjs.org/@popperjs/core/-/core-2.11.8.tgz",
      "integrity": "sha512-P1st0aksCrn9sGZhp8GMYwBnQsbvAWsZAX44oXNNvLHGqAOcoVxmjZiohstwQ7SqKnbR47akdNi+uleWD8+g6A==",
      "peer": true
    },
    "bootstrap": {
      "version": "5.3.3",
      "resolved": "https://registry.npmjs.org/bootstrap/-/bootstrap-5.3.3.tgz",
      "integrity": "sha512-8HLCdWgyoMguSO9o+aH+iuZ+aht+mzW0u3HIMzVu7Srrpv7EBBxTnrFlSCskwdY1+EOFQSm7uMJhNQHkdPcmjg==",
      "requires": {}
    },
    "flot": {
      "version": "4.2.6",
      "resolved": "https://registry.npmjs.org/flot/-/flot-4.2.6.tgz",
      "integrity": "sha512-Iz4HCet1ZBQnjGwECz4jseD1zMnh7m2XJIMI6A62l8h2SeceLYOEmYGNQto1XhkSM9fUmqzyKhWwJ+RolWLydg=="
    },
    "jquery": {
      "version": "3.7.1",
      "resolved": "https://registry.npmjs.org/jquery/-/jquery-3.7.1.tgz",
      "integrity": "sha512-m4avr8yL8kmFN8psrbFFFmB/If14iN5o9nw/NgnnM+kybDJpRsAynV2BsfpTYrTRysYUdADVD7CkUUizgkpLfg=="
    },
    "jquery-contextmenu": {
      "version": "2.9.2",
      "resolved": "https://registry.npmjs.org/jquery-contextmenu/-/jquery-contextmenu-2.9.2.tgz",
      "integrity": "sha512-6S6sH/08owDStC/7zNwcN366yR0ydX6PmMB0RnjLRQOp7Nc/rqwEHglshfHrrw2kdTev97GXwRXrayDUmToIOw==",
      "requires": {
        "jquery": "^3.5.0"
      }
    },
    "jquery-ui-dist": {
      "version": "1.13.1",
      "resolved": "https://registry.npmjs.org/jquery-ui-dist/-/jquery-ui-dist-1.13.1.tgz",
      "integrity": "sha512-Y711Pu4BRVrAlL58KSxX4ail74jaCJZaZcdNDLava+MgZeNwmVWmyYiK7KxyoJu1MB73eSunjJvYDbOuNrOA7w==",
      "requires": {
        "jquery": ">=1.8.0 <4.0.0"
      }
    }
  }
}
